
Microsoft Visual Studio Solution File, Format Version 12.00
# Visual Studio 15
VisualStudioVersion = 15.0.26403.7
MinimumVisualStudioVersion = 10.0.40219.1
Project("{FAE04EC0-301F-11D3-BF4B-00C04F79EFBC}") = "PiMark", "PiMark\PiMark.csproj", "{577F1C62-E9AD-46D6-A167-DFA416637D38}"
	ProjectSection(ProjectDependencies) = postProject
		{A612FC75-FFBE-4F2F-878B-047E7B434545} = {A612FC75-FFBE-4F2F-878B-047E7B434545}
	EndProjectSection
EndProject
Project("{FAE04EC0-301F-11D3-BF4B-00C04F79EFBC}") = "PiMarkConsole", "PiMarkConsole\PiMarkConsole.csproj", "{954681EB-718D-408C-9D5F-7968C87018B7}"
	ProjectSection(ProjectDependencies) = postProject
		{A612FC75-FFBE-4F2F-878B-047E7B434545} = {A612FC75-FFBE-4F2F-878B-047E7B434545}
	EndProjectSection
EndProject
Project("{FAE04EC0-301F-11D3-BF4B-00C04F79EFBC}") = "PiMarkCore", "PiMarkCore\PiMarkCore.csproj", "{A612FC75-FFBE-4F2F-878B-047E7B434545}"
EndProject
Global
	GlobalSection(SolutionConfigurationPlatforms) = preSolution
		Debug|Any CPU = Debug|Any CPU
		Release|Any CPU = Release|Any CPU
	EndGlobalSection
	GlobalSection(ProjectConfigurationPlatforms) = postSolution
		{577F1C62-E9AD-46D6-A167-DFA416637D38}.Debug|Any CPU.ActiveCfg = Debug|Any CPU
		{577F1C62-E9AD-46D6-A167-DFA416637D38}.Debug|Any CPU.Build.0 = Debug|Any CPU
		{577F1C62-E9AD-46D6-A167-DFA416637D38}.Release|Any CPU.ActiveCfg = Release|Any CPU
		{577F1C62-E9AD-46D6-A167-DFA416637D38}.Release|Any CPU.Build.0 = Release|Any CPU
		{954681EB-718D-408C-9D5F-7968C87018B7}.Debug|Any CPU.ActiveCfg = Debug|Any CPU
		{954681EB-718D-408C-9D5F-7968C87018B7}.Debug|Any CPU.Build.0 = Debug|Any CPU
		{954681EB-718D-408C-9D5F-7968C87018B7}.Release|Any CPU.ActiveCfg = Release|Any CPU
		{954681EB-718D-408C-9D5F-7968C87018B7}.Release|Any CPU.Build.0 = Release|Any CPU
		{A612FC75-FFBE-4F2F-878B-047E7B434545}.Debug|Any CPU.ActiveCfg = Debug|Any CPU
		{A612FC75-FFBE-4F2F-878B-047E7B434545}.Debug|Any CPU.Build.0 = Debug|Any CPU
		{A612FC75-FFBE-4F2F-878B-047E7B434545}.Release|Any CPU.ActiveCfg = Release|Any CPU
		{A612FC75-FFBE-4F2F-878B-047E7B434545}.Release|Any CPU.Build.0 = Release|Any CPU
	EndGlobalSection
	GlobalSection(SolutionProperties) = preSolution
		HideSolutionNode = FALSE
	EndGlobalSection
EndGlobal
